// !$*UTF8*$!
{
	archiveVersion = 1;
	classes = {
	};
	objectVersion = 50;
	objects = {

/* Begin PBXBuildFile section */
		5702EB332171A78A00104820 /* UIKitDrawingViewController.m in Sources */ = {isa = PBXBuildFile; fileRef = 5702EB322171A78A00104820 /* UIKitDrawingViewController.m */; };
		5702EB362171AE9200104820 /* TwoView.m in Sources */ = {isa = PBXBuildFile; fileRef = 5702EB352171AE9200104820 /* TwoView.m */; };
		5702EB382171B01000104820 /* UIKit.framework in Frameworks */ = {isa = PBXBuildFile; fileRef = 5702EB372171B01000104820 /* UIKit.framework */; };
		5702EB3B2171B6CB00104820 /* MyImgeView.m in Sources */ = {isa = PBXBuildFile; fileRef = 5702EB3A2171B6CB00104820 /* MyImgeView.m */; };
		5702EB3E217307BC00104820 /* DrawView.m in Sources */ = {isa = PBXBuildFile; fileRef = 5702EB3D217307BC00104820 /* DrawView.m */; };
		5702EB4121733BBB00104820 /* NSString+Extension.m in Sources */ = {isa = PBXBuildFile; fileRef = 5702EB4021733BBB00104820 /* NSString+Extension.m */; };
		5702EB452173498A00104820 /* UIImage+Watermark.m in Sources */ = {isa = PBXBuildFile; fileRef = 5702EB442173498A00104820 /* UIImage+Watermark.m */; };
		5702EB4F2174BCA500104820 /* MyOneViewController.m in Sources */ = {isa = PBXBuildFile; fileRef = 5702EB4E2174BCA500104820 /* MyOneViewController.m */; };
		5719BAE22147FF870065111C /* OneViewController.m in Sources */ = {isa = PBXBuildFile; fileRef = 5719BAE12147FF870065111C /* OneViewController.m */; };
		5719BAE52147FF930065111C /* TwoViewController.m in Sources */ = {isa = PBXBuildFile; fileRef = 5719BAE42147FF930065111C /* TwoViewController.m */; };
		571B67B120C42A7500857F5F /* AppDelegate.m in Sources */ = {isa = PBXBuildFile; fileRef = 571B67B020C42A7500857F5F /* AppDelegate.m */; };
		571B67B420C42A7500857F5F /* ViewController.m in Sources */ = {isa = PBXBuildFile; fileRef = 571B67B320C42A7500857F5F /* ViewController.m */; };
		571B67B720C42A7500857F5F /* Main.storyboard in Resources */ = {isa = PBXBuildFile; fileRef = 571B67B520C42A7500857F5F /* Main.storyboard */; };
		571B67BA20C42A7500857F5F /* project.xcdatamodeld in Sources */ = {isa = PBXBuildFile; fileRef = 571B67B820C42A7500857F5F /* project.xcdatamodeld */; };
		571B67BC20C42A7700857F5F /* Assets.xcassets in Resources */ = {isa = PBXBuildFile; fileRef = 571B67BB20C42A7700857F5F /* Assets.xcassets */; };
		571B67BF20C42A7700857F5F /* LaunchScreen.storyboard in Resources */ = {isa = PBXBuildFile; fileRef = 571B67BD20C42A7700857F5F /* LaunchScreen.storyboard */; };
		571B67C220C42A7700857F5F /* main.m in Sources */ = {isa = PBXBuildFile; fileRef = 571B67C120C42A7700857F5F /* main.m */; };
		571B67CC20C42A7700857F5F /* projectTests.m in Sources */ = {isa = PBXBuildFile; fileRef = 571B67CB20C42A7700857F5F /* projectTests.m */; };
		571B67D720C42A7700857F5F /* projectUITests.m in Sources */ = {isa = PBXBuildFile; fileRef = 571B67D620C42A7700857F5F /* projectUITests.m */; };
		57298953216DD53A001D2A55 /* PhotoViewController.m in Sources */ = {isa = PBXBuildFile; fileRef = 57298952216DD53A001D2A55 /* PhotoViewController.m */; };
		5729895F216DD673001D2A55 /* PhotoModel.m in Sources */ = {isa = PBXBuildFile; fileRef = 57298955216DD673001D2A55 /* PhotoModel.m */; };
		57298960216DD673001D2A55 /* PhotoSingle.m in Sources */ = {isa = PBXBuildFile; fileRef = 57298959216DD673001D2A55 /* PhotoSingle.m */; };
		57298961216DD673001D2A55 /* PhotoSelectorView.m in Sources */ = {isa = PBXBuildFile; fileRef = 5729895B216DD673001D2A55 /* PhotoSelectorView.m */; };
		57298962216DD673001D2A55 /* PhotoCollectionViewCell.m in Sources */ = {isa = PBXBuildFile; fileRef = 5729895C216DD673001D2A55 /* PhotoCollectionViewCell.m */; };
		57298965216DD739001D2A55 /* UIView+NTES.m in Sources */ = {isa = PBXBuildFile; fileRef = 57298964216DD739001D2A55 /* UIView+NTES.m */; };
		57298968216DDCF7001D2A55 /* GetPhotoViewController.m in Sources */ = {isa = PBXBuildFile; fileRef = 57298967216DDCF7001D2A55 /* GetPhotoViewController.m */; };
		57641E66215A6D7C00B034E1 /* SPUncaughtExceptionHandler.m in Sources */ = {isa = PBXBuildFile; fileRef = 57641E64215A6D7C00B034E1 /* SPUncaughtExceptionHandler.m */; };
		57641E67215A6D7C00B034E1 /* HRRequestTools.m in Sources */ = {isa = PBXBuildFile; fileRef = 57641E65215A6D7C00B034E1 /* HRRequestTools.m */; };
		57658DC2216F959F002D7CBA /* pieView.m in Sources */ = {isa = PBXBuildFile; fileRef = 57658DC1216F959F002D7CBA /* pieView.m */; };
		5788D1DB216CD2B0002D38A1 /* QuartzViewController.m in Sources */ = {isa = PBXBuildFile; fileRef = 5788D1DA216CD2B0002D38A1 /* QuartzViewController.m */; };
		5788D1DE216CE033002D38A1 /* OneView.m in Sources */ = {isa = PBXBuildFile; fileRef = 5788D1DD216CE033002D38A1 /* OneView.m */; };
		578B047A2158EC4B00747FF8 /* DragandDropViewController.m in Sources */ = {isa = PBXBuildFile; fileRef = 578B04792158EC4B00747FF8 /* DragandDropViewController.m */; };
		578B047D2158F18800747FF8 /* RedView.m in Sources */ = {isa = PBXBuildFile; fileRef = 578B047C2158F18800747FF8 /* RedView.m */; };
		57E6D186213ECF3800BD3096 /* Person.m in Sources */ = {isa = PBXBuildFile; fileRef = 57E6D185213ECF3800BD3096 /* Person.m */; };
		57E6D189213ED63A00BD3096 /* dataStorageViewController.m in Sources */ = {isa = PBXBuildFile; fileRef = 57E6D188213ED63A00BD3096 /* dataStorageViewController.m */; };
		D0A04AC2D1A7BBE617E3B4F9 /* libPods-project.a in Frameworks */ = {isa = PBXBuildFile; fileRef = 3A786886C72D66E00515ED2C /* libPods-project.a */; };
/* End PBXBuildFile section */

/* Begin PBXContainerItemProxy section */
		571B67C820C42A7700857F5F /* PBXContainerItemProxy */ = {
			isa = PBXContainerItemProxy;
			containerPortal = 571B67A420C42A7500857F5F /* Project object */;
			proxyType = 1;
			remoteGlobalIDString = 571B67AB20C42A7500857F5F;
			remoteInfo = project;
		};
		571B67D320C42A7700857F5F /* PBXContainerItemProxy */ = {
			isa = PBXContainerItemProxy;
			containerPortal = 571B67A420C42A7500857F5F /* Project object */;
			proxyType = 1;
			remoteGlobalIDString = 571B67AB20C42A7500857F5F;
			remoteInfo = project;
		};
/* End PBXContainerItemProxy section */

/* Begin PBXFileReference section */
		3A786886C72D66E00515ED2C /* libPods-project.a */ = {isa = PBXFileReference; explicitFileType = archive.ar; includeInIndex = 0; path = "libPods-project.a"; sourceTree = BUILT_PRODUCTS_DIR; };
		5702EB312171A78A00104820 /* UIKitDrawingViewController.h */ = {isa = PBXFileReference; lastKnownFileType = sourcecode.c.h; path = UIKitDrawingViewController.h; sourceTree = "<group>"; };
		5702EB322171A78A00104820 /* UIKitDrawingViewController.m */ = {isa = PBXFileReference; lastKnownFileType = sourcecode.c.objc; path = UIKitDrawingViewController.m; sourceTree = "<group>"; };
		5702EB342171AE9200104820 /* TwoView.h */ = {isa = PBXFileReference; lastKnownFileType = sourcecode.c.h; path = TwoView.h; sourceTree = "<group>"; };
		5702EB352171AE9200104820 /* TwoView.m */ = {isa = PBXFileReference; lastKnownFileType = sourcecode.c.objc; path = TwoView.m; sourceTree = "<group>"; };
		5702EB372171B01000104820 /* UIKit.framework */ = {isa = PBXFileReference; lastKnownFileType = wrapper.framework; name = UIKit.framework; path = System/Library/Frameworks/UIKit.framework; sourceTree = SDKROOT; };
		5702EB392171B6CB00104820 /* MyImgeView.h */ = {isa = PBXFileReference; lastKnownFileType = sourcecode.c.h; path = MyImgeView.h; sourceTree = "<group>"; };
		5702EB3A2171B6CB00104820 /* MyImgeView.m */ = {isa = PBXFileReference; lastKnownFileType = sourcecode.c.objc; path = MyImgeView.m; sourceTree = "<group>"; };
		5702EB3C217307BC00104820 /* DrawView.h */ = {isa = PBXFileReference; lastKnownFileType = sourcecode.c.h; path = DrawView.h; sourceTree = "<group>"; };
		5702EB3D217307BC00104820 /* DrawView.m */ = {isa = PBXFileReference; lastKnownFileType = sourcecode.c.objc; path = DrawView.m; sourceTree = "<group>"; };
		5702EB3F21733BBB00104820 /* NSString+Extension.h */ = {isa = PBXFileReference; lastKnownFileType = sourcecode.c.h; path = "NSString+Extension.h"; sourceTree = "<group>"; };
		5702EB4021733BBB00104820 /* NSString+Extension.m */ = {isa = PBXFileReference; lastKnownFileType = sourcecode.c.objc; path = "NSString+Extension.m"; sourceTree = "<group>"; };
		5702EB432173498A00104820 /* UIImage+Watermark.h */ = {isa = PBXFileReference; lastKnownFileType = sourcecode.c.h; path = "UIImage+Watermark.h"; sourceTree = "<group>"; };
		5702EB442173498A00104820 /* UIImage+Watermark.m */ = {isa = PBXFileReference; lastKnownFileType = sourcecode.c.objc; path = "UIImage+Watermark.m"; sourceTree = "<group>"; };
		5702EB4D2174BCA500104820 /* MyOneViewController.h */ = {isa = PBXFileReference; lastKnownFileType = sourcecode.c.h; path = MyOneViewController.h; sourceTree = "<group>"; };
		5702EB4E2174BCA500104820 /* MyOneViewController.m */ = {isa = PBXFileReference; lastKnownFileType = sourcecode.c.objc; path = MyOneViewController.m; sourceTree = "<group>"; };
		5719BAE02147FF870065111C /* OneViewController.h */ = {isa = PBXFileReference; lastKnownFileType = sourcecode.c.h; path = OneViewController.h; sourceTree = "<group>"; };
		5719BAE12147FF870065111C /* OneViewController.m */ = {isa = PBXFileReference; lastKnownFileType = sourcecode.c.objc; path = OneViewController.m; sourceTree = "<group>"; };
		5719BAE32147FF930065111C /* TwoViewController.h */ = {isa = PBXFileReference; lastKnownFileType = sourcecode.c.h; path = TwoViewController.h; sourceTree = "<group>"; };
		5719BAE42147FF930065111C /* TwoViewController.m */ = {isa = PBXFileReference; lastKnownFileType = sourcecode.c.objc; path = TwoViewController.m; sourceTree = "<group>"; };
		571B67AC20C42A7500857F5F /* project.app */ = {isa = PBXFileReference; explicitFileType = wrapper.application; includeInIndex = 0; path = project.app; sourceTree = BUILT_PRODUCTS_DIR; };
		571B67AF20C42A7500857F5F /* AppDelegate.h */ = {isa = PBXFileReference; lastKnownFileType = sourcecode.c.h; path = AppDelegate.h; sourceTree = "<group>"; };
		571B67B020C42A7500857F5F /* AppDelegate.m */ = {isa = PBXFileReference; lastKnownFileType = sourcecode.c.objc; path = AppDelegate.m; sourceTree = "<group>"; };
		571B67B220C42A7500857F5F /* ViewController.h */ = {isa = PBXFileReference; lastKnownFileType = sourcecode.c.h; path = ViewController.h; sourceTree = "<group>"; };
		571B67B320C42A7500857F5F /* ViewController.m */ = {isa = PBXFileReference; lastKnownFileType = sourcecode.c.objc; path = ViewController.m; sourceTree = "<group>"; };
		571B67B620C42A7500857F5F /* Base */ = {isa = PBXFileReference; lastKnownFileType = file.storyboard; name = Base; path = Base.lproj/Main.storyboard; sourceTree = "<group>"; };
		571B67B920C42A7500857F5F /* project.xcdatamodel */ = {isa = PBXFileReference; lastKnownFileType = wrapper.xcdatamodel; path = project.xcdatamodel; sourceTree = "<group>"; };
		571B67BB20C42A7700857F5F /* Assets.xcassets */ = {isa = PBXFileReference; lastKnownFileType = folder.assetcatalog; path = Assets.xcassets; sourceTree = "<group>"; };
		571B67BE20C42A7700857F5F /* Base */ = {isa = PBXFileReference; lastKnownFileType = file.storyboard; name = Base; path = Base.lproj/LaunchScreen.storyboard; sourceTree = "<group>"; };
		571B67C020C42A7700857F5F /* Info.plist */ = {isa = PBXFileReference; lastKnownFileType = text.plist.xml; path = Info.plist; sourceTree = "<group>"; };
		571B67C120C42A7700857F5F /* main.m */ = {isa = PBXFileReference; lastKnownFileType = sourcecode.c.objc; path = main.m; sourceTree = "<group>"; };
		571B67C720C42A7700857F5F /* projectTests.xctest */ = {isa = PBXFileReference; explicitFileType = wrapper.cfbundle; includeInIndex = 0; path = projectTests.xctest; sourceTree = BUILT_PRODUCTS_DIR; };
		571B67CB20C42A7700857F5F /* projectTests.m */ = {isa = PBXFileReference; lastKnownFileType = sourcecode.c.objc; path = projectTests.m; sourceTree = "<group>"; };
		571B67CD20C42A7700857F5F /* Info.plist */ = {isa = PBXFileReference; lastKnownFileType = text.plist.xml; path = Info.plist; sourceTree = "<group>"; };
		571B67D220C42A7700857F5F /* projectUITests.xctest */ = {isa = PBXFileReference; explicitFileType = wrapper.cfbundle; includeInIndex = 0; path = projectUITests.xctest; sourceTree = BUILT_PRODUCTS_DIR; };
		571B67D620C42A7700857F5F /* projectUITests.m */ = {isa = PBXFileReference; lastKnownFileType = sourcecode.c.objc; path = projectUITests.m; sourceTree = "<group>"; };
		571B67D820C42A7700857F5F /* Info.plist */ = {isa = PBXFileReference; lastKnownFileType = text.plist.xml; path = Info.plist; sourceTree = "<group>"; };
		57298951216DD53A001D2A55 /* PhotoViewController.h */ = {isa = PBXFileReference; lastKnownFileType = sourcecode.c.h; path = PhotoViewController.h; sourceTree = "<group>"; };
		57298952216DD53A001D2A55 /* PhotoViewController.m */ = {isa = PBXFileReference; lastKnownFileType = sourcecode.c.objc; path = PhotoViewController.m; sourceTree = "<group>"; };
		57298955216DD673001D2A55 /* PhotoModel.m */ = {isa = PBXFileReference; fileEncoding = 4; lastKnownFileType = sourcecode.c.objc; path = PhotoModel.m; sourceTree = "<group>"; };
		57298956216DD673001D2A55 /* PhotoModel.h */ = {isa = PBXFileReference; fileEncoding = 4; lastKnownFileType = sourcecode.c.h; path = PhotoModel.h; sourceTree = "<group>"; };
		57298958216DD673001D2A55 /* PhotoSingle.h */ = {isa = PBXFileReference; fileEncoding = 4; lastKnownFileType = sourcecode.c.h; path = PhotoSingle.h; sourceTree = "<group>"; };
		57298959216DD673001D2A55 /* PhotoSingle.m */ = {isa = PBXFileReference; fileEncoding = 4; lastKnownFileType = sourcecode.c.objc; path = PhotoSingle.m; sourceTree = "<group>"; };
		5729895B216DD673001D2A55 /* PhotoSelectorView.m */ = {isa = PBXFileReference; fileEncoding = 4; lastKnownFileType = sourcecode.c.objc; path = PhotoSelectorView.m; sourceTree = "<group>"; };
		5729895C216DD673001D2A55 /* PhotoCollectionViewCell.m */ = {isa = PBXFileReference; fileEncoding = 4; lastKnownFileType = sourcecode.c.objc; path = PhotoCollectionViewCell.m; sourceTree = "<group>"; };
		5729895D216DD673001D2A55 /* PhotoCollectionViewCell.h */ = {isa = PBXFileReference; fileEncoding = 4; lastKnownFileType = sourcecode.c.h; path = PhotoCollectionViewCell.h; sourceTree = "<group>"; };
		5729895E216DD673001D2A55 /* PhotoSelectorView.h */ = {isa = PBXFileReference; fileEncoding = 4; lastKnownFileType = sourcecode.c.h; path = PhotoSelectorView.h; sourceTree = "<group>"; };
		57298963216DD739001D2A55 /* UIView+NTES.h */ = {isa = PBXFileReference; fileEncoding = 4; lastKnownFileType = sourcecode.c.h; path = "UIView+NTES.h"; sourceTree = "<group>"; };
		57298964216DD739001D2A55 /* UIView+NTES.m */ = {isa = PBXFileReference; fileEncoding = 4; lastKnownFileType = sourcecode.c.objc; path = "UIView+NTES.m"; sourceTree = "<group>"; };
		57298966216DDCF7001D2A55 /* GetPhotoViewController.h */ = {isa = PBXFileReference; fileEncoding = 4; lastKnownFileType = sourcecode.c.h; path = GetPhotoViewController.h; sourceTree = "<group>"; };
		57298967216DDCF7001D2A55 /* GetPhotoViewController.m */ = {isa = PBXFileReference; fileEncoding = 4; lastKnownFileType = sourcecode.c.objc; path = GetPhotoViewController.m; sourceTree = "<group>"; };
		57641E61215A6D7C00B034E1 /* HRRequestTools.h */ = {isa = PBXFileReference; fileEncoding = 4; lastKnownFileType = sourcecode.c.h; path = HRRequestTools.h; sourceTree = "<group>"; };
		57641E63215A6D7C00B034E1 /* SPUncaughtExceptionHandler.h */ = {isa = PBXFileReference; fileEncoding = 4; lastKnownFileType = sourcecode.c.h; path = SPUncaughtExceptionHandler.h; sourceTree = "<group>"; };
		57641E64215A6D7C00B034E1 /* SPUncaughtExceptionHandler.m */ = {isa = PBXFileReference; fileEncoding = 4; lastKnownFileType = sourcecode.c.objc; path = SPUncaughtExceptionHandler.m; sourceTree = "<group>"; };
		57641E65215A6D7C00B034E1 /* HRRequestTools.m */ = {isa = PBXFileReference; fileEncoding = 4; lastKnownFileType = sourcecode.c.objc; path = HRRequestTools.m; sourceTree = "<group>"; };
		57658DC0216F959F002D7CBA /* pieView.h */ = {isa = PBXFileReference; lastKnownFileType = sourcecode.c.h; path = pieView.h; sourceTree = "<group>"; };
		57658DC1216F959F002D7CBA /* pieView.m */ = {isa = PBXFileReference; lastKnownFileType = sourcecode.c.objc; path = pieView.m; sourceTree = "<group>"; };
		5788D1D9216CD2B0002D38A1 /* QuartzViewController.h */ = {isa = PBXFileReference; lastKnownFileType = sourcecode.c.h; path = QuartzViewController.h; sourceTree = "<group>"; };
		5788D1DA216CD2B0002D38A1 /* QuartzViewController.m */ = {isa = PBXFileReference; lastKnownFileType = sourcecode.c.objc; path = QuartzViewController.m; sourceTree = "<group>"; };
		5788D1DC216CE033002D38A1 /* OneView.h */ = {isa = PBXFileReference; lastKnownFileType = sourcecode.c.h; path = OneView.h; sourceTree = "<group>"; };
		5788D1DD216CE033002D38A1 /* OneView.m */ = {isa = PBXFileReference; lastKnownFileType = sourcecode.c.objc; path = OneView.m; sourceTree = "<group>"; };
		578B04782158EC4B00747FF8 /* DragandDropViewController.h */ = {isa = PBXFileReference; lastKnownFileType = sourcecode.c.h; path = DragandDropViewController.h; sourceTree = "<group>"; };
		578B04792158EC4B00747FF8 /* DragandDropViewController.m */ = {isa = PBXFileReference; lastKnownFileType = sourcecode.c.objc; path = DragandDropViewController.m; sourceTree = "<group>"; };
		578B047B2158F18800747FF8 /* RedView.h */ = {isa = PBXFileReference; lastKnownFileType = sourcecode.c.h; path = RedView.h; sourceTree = "<group>"; };
		578B047C2158F18800747FF8 /* RedView.m */ = {isa = PBXFileReference; lastKnownFileType = sourcecode.c.objc; path = RedView.m; sourceTree = "<group>"; };
		57C95C4AEA6CBC2FC0B2943A /* Pods-project.release.xcconfig */ = {isa = PBXFileReference; includeInIndex = 1; lastKnownFileType = text.xcconfig; name = "Pods-project.release.xcconfig"; path = "Pods/Target Support Files/Pods-project/Pods-project.release.xcconfig"; sourceTree = "<group>"; };
		57E6D184213ECF3800BD3096 /* Person.h */ = {isa = PBXFileReference; lastKnownFileType = sourcecode.c.h; path = Person.h; sourceTree = "<group>"; };
		57E6D185213ECF3800BD3096 /* Person.m */ = {isa = PBXFileReference; lastKnownFileType = sourcecode.c.objc; path = Person.m; sourceTree = "<group>"; };
		57E6D187213ED63A00BD3096 /* dataStorageViewController.h */ = {isa = PBXFileReference; lastKnownFileType = sourcecode.c.h; path = dataStorageViewController.h; sourceTree = "<group>"; };
		57E6D188213ED63A00BD3096 /* dataStorageViewController.m */ = {isa = PBXFileReference; lastKnownFileType = sourcecode.c.objc; path = dataStorageViewController.m; sourceTree = "<group>"; };
		57E6D18A213ED70B00BD3096 /* project.pch */ = {isa = PBXFileReference; lastKnownFileType = sourcecode.c.h; path = project.pch; sourceTree = "<group>"; };
		F3E542F161AF9EA76EDF8E84 /* Pods-project.debug.xcconfig */ = {isa = PBXFileReference; includeInIndex = 1; lastKnownFileType = text.xcconfig; name = "Pods-project.debug.xcconfig"; path = "Pods/Target Support Files/Pods-project/Pods-project.debug.xcconfig"; sourceTree = "<group>"; };
/* End PBXFileReference section */

/* Begin PBXFrameworksBuildPhase section */
		571B67A920C42A7500857F5F /* Frameworks */ = {
			isa = PBXFrameworksBuildPhase;
			buildActionMask = 2147483647;
			files = (
				5702EB382171B01000104820 /* UIKit.framework in Frameworks */,
				D0A04AC2D1A7BBE617E3B4F9 /* libPods-project.a in Frameworks */,
			);
			runOnlyForDeploymentPostprocessing = 0;
		};
		571B67C420C42A7700857F5F /* Frameworks */ = {
			isa = PBXFrameworksBuildPhase;
			buildActionMask = 2147483647;
			files = (
			);
			runOnlyForDeploymentPostprocessing = 0;
		};
		571B67CF20C42A7700857F5F /* Frameworks */ = {
			isa = PBXFrameworksBuildPhase;
			buildActionMask = 2147483647;
			files = (
			);
			runOnlyForDeploymentPostprocessing = 0;
		};
/* End PBXFrameworksBuildPhase section */

/* Begin PBXGroup section */
		4BB6CD980126B81B8B715A72 /* Frameworks */ = {
			isa = PBXGroup;
			children = (
				5702EB372171B01000104820 /* UIKit.framework */,
				3A786886C72D66E00515ED2C /* libPods-project.a */,
			);
			name = Frameworks;
			sourceTree = "<group>";
		};
		5702EB42217348C000104820 /* MyTools */ = {
			isa = PBXGroup;
			children = (
				5702EB3F21733BBB00104820 /* NSString+Extension.h */,
				5702EB4021733BBB00104820 /* NSString+Extension.m */,
				57298963216DD739001D2A55 /* UIView+NTES.h */,
				57298964216DD739001D2A55 /* UIView+NTES.m */,
				5702EB432173498A00104820 /* UIImage+Watermark.h */,
				5702EB442173498A00104820 /* UIImage+Watermark.m */,
			);
			path = MyTools;
			sourceTree = "<group>";
		};
		5702EB4621749AB300104820 /* WMT */ = {
			isa = PBXGroup;
			children = (
				5702EB4D2174BCA500104820 /* MyOneViewController.h */,
				5702EB4E2174BCA500104820 /* MyOneViewController.m */,
			);
			path = WMT;
			sourceTree = "<group>";
		};
		5719BADF2147FF590065111C /* viewGroup */ = {
			isa = PBXGroup;
			children = (
				5719BAE02147FF870065111C /* OneViewController.h */,
				5719BAE12147FF870065111C /* OneViewController.m */,
				5719BAE32147FF930065111C /* TwoViewController.h */,
				5719BAE42147FF930065111C /* TwoViewController.m */,
				578B04782158EC4B00747FF8 /* DragandDropViewController.h */,
				578B04792158EC4B00747FF8 /* DragandDropViewController.m */,
				578B047B2158F18800747FF8 /* RedView.h */,
				578B047C2158F18800747FF8 /* RedView.m */,
			);
			path = viewGroup;
			sourceTree = "<group>";
		};
		571B67A320C42A7500857F5F = {
			isa = PBXGroup;
			children = (
				571B67AE20C42A7500857F5F /* project */,
				571B67CA20C42A7700857F5F /* projectTests */,
				571B67D520C42A7700857F5F /* projectUITests */,
				571B67AD20C42A7500857F5F /* Products */,
				8933DEA427E44C8614A0EA72 /* Pods */,
				4BB6CD980126B81B8B715A72 /* Frameworks */,
			);
			sourceTree = "<group>";
		};
		571B67AD20C42A7500857F5F /* Products */ = {
			isa = PBXGroup;
			children = (
				571B67AC20C42A7500857F5F /* project.app */,
				571B67C720C42A7700857F5F /* projectTests.xctest */,
				571B67D220C42A7700857F5F /* projectUITests.xctest */,
			);
			name = Products;
			sourceTree = "<group>";
		};
		571B67AE20C42A7500857F5F /* project */ = {
			isa = PBXGroup;
			children = (
				5702EB4621749AB300104820 /* WMT */,
				5788D1D8216CD287002D38A1 /* Quartz2D */,
				57641E60215A6D3100B034E1 /* Tools */,
				5719BADF2147FF590065111C /* viewGroup */,
				57E6D183213ECF0A00BD3096 /* dataGroup */,
				571B67AF20C42A7500857F5F /* AppDelegate.h */,
				571B67B020C42A7500857F5F /* AppDelegate.m */,
				571B67B220C42A7500857F5F /* ViewController.h */,
				571B67B320C42A7500857F5F /* ViewController.m */,
				571B67B520C42A7500857F5F /* Main.storyboard */,
				571B67BB20C42A7700857F5F /* Assets.xcassets */,
				571B67BD20C42A7700857F5F /* LaunchScreen.storyboard */,
				571B67C020C42A7700857F5F /* Info.plist */,
				571B67C120C42A7700857F5F /* main.m */,
				571B67B820C42A7500857F5F /* project.xcdatamodeld */,
				57E6D18A213ED70B00BD3096 /* project.pch */,
			);
			path = project;
			sourceTree = "<group>";
		};
		571B67CA20C42A7700857F5F /* projectTests */ = {
			isa = PBXGroup;
			children = (
				571B67CB20C42A7700857F5F /* projectTests.m */,
				571B67CD20C42A7700857F5F /* Info.plist */,
			);
			path = projectTests;
			sourceTree = "<group>";
		};
		571B67D520C42A7700857F5F /* projectUITests */ = {
			isa = PBXGroup;
			children = (
				571B67D620C42A7700857F5F /* projectUITests.m */,
				571B67D820C42A7700857F5F /* Info.plist */,
			);
			path = projectUITests;
			sourceTree = "<group>";
		};
		57298950216DD50B001D2A55 /* photos */ = {
			isa = PBXGroup;
			children = (
				57298954216DD673001D2A55 /* Model */,
				57298957216DD673001D2A55 /* Single */,
				5729895A216DD673001D2A55 /* View */,
				57298951216DD53A001D2A55 /* PhotoViewController.h */,
				57298952216DD53A001D2A55 /* PhotoViewController.m */,
			);
			path = photos;
			sourceTree = "<group>";
		};
		57298954216DD673001D2A55 /* Model */ = {
			isa = PBXGroup;
			children = (
				57298955216DD673001D2A55 /* PhotoModel.m */,
				57298956216DD673001D2A55 /* PhotoModel.h */,
			);
			path = Model;
			sourceTree = "<group>";
		};
		57298957216DD673001D2A55 /* Single */ = {
			isa = PBXGroup;
			children = (
				57298958216DD673001D2A55 /* PhotoSingle.h */,
				57298959216DD673001D2A55 /* PhotoSingle.m */,
			);
			path = Single;
			sourceTree = "<group>";
		};
		5729895A216DD673001D2A55 /* View */ = {
			isa = PBXGroup;
			children = (
				57298966216DDCF7001D2A55 /* GetPhotoViewController.h */,
				57298967216DDCF7001D2A55 /* GetPhotoViewController.m */,
				5729895E216DD673001D2A55 /* PhotoSelectorView.h */,
				5729895B216DD673001D2A55 /* PhotoSelectorView.m */,
				5729895D216DD673001D2A55 /* PhotoCollectionViewCell.h */,
				5729895C216DD673001D2A55 /* PhotoCollectionViewCell.m */,
			);
			path = View;
			sourceTree = "<group>";
		};
		57641E60215A6D3100B034E1 /* Tools */ = {
			isa = PBXGroup;
			children = (
				5702EB42217348C000104820 /* MyTools */,
				57298950216DD50B001D2A55 /* photos */,
				57641E62215A6D7C00B034E1 /* SPUncaughtExceptionHandler */,
				57641E61215A6D7C00B034E1 /* HRRequestTools.h */,
			);
			path = Tools;
			sourceTree = "<group>";
		};
		57641E62215A6D7C00B034E1 /* SPUncaughtExceptionHandler */ = {
			isa = PBXGroup;
			children = (
				57641E63215A6D7C00B034E1 /* SPUncaughtExceptionHandler.h */,
				57641E64215A6D7C00B034E1 /* SPUncaughtExceptionHandler.m */,
			);
			path = SPUncaughtExceptionHandler;
			sourceTree = "<group>";
		};
		5788D1D8216CD287002D38A1 /* Quartz2D */ = {
			isa = PBXGroup;
			children = (
				5788D1D9216CD2B0002D38A1 /* QuartzViewController.h */,
				5788D1DA216CD2B0002D38A1 /* QuartzViewController.m */,
				5788D1DC216CE033002D38A1 /* OneView.h */,
				5788D1DD216CE033002D38A1 /* OneView.m */,
				57658DC0216F959F002D7CBA /* pieView.h */,
				57658DC1216F959F002D7CBA /* pieView.m */,
				5702EB312171A78A00104820 /* UIKitDrawingViewController.h */,
				5702EB322171A78A00104820 /* UIKitDrawingViewController.m */,
				5702EB342171AE9200104820 /* TwoView.h */,
				5702EB352171AE9200104820 /* TwoView.m */,
				5702EB392171B6CB00104820 /* MyImgeView.h */,
				5702EB3A2171B6CB00104820 /* MyImgeView.m */,
				5702EB3C217307BC00104820 /* DrawView.h */,
				5702EB3D217307BC00104820 /* DrawView.m */,
			);
			path = Quartz2D;
			sourceTree = "<group>";
		};
		57E6D183213ECF0A00BD3096 /* dataGroup */ = {
			isa = PBXGroup;
			children = (
				57641E65215A6D7C00B034E1 /* HRRequestTools.m */,
				57E6D184213ECF3800BD3096 /* Person.h */,
				57E6D185213ECF3800BD3096 /* Person.m */,
				57E6D187213ED63A00BD3096 /* dataStorageViewController.h */,
				57E6D188213ED63A00BD3096 /* dataStorageViewController.m */,
			);
			path = dataGroup;
			sourceTree = "<group>";
		};
		8933DEA427E44C8614A0EA72 /* Pods */ = {
			isa = PBXGroup;
			children = (
				F3E542F161AF9EA76EDF8E84 /* Pods-project.debug.xcconfig */,
				57C95C4AEA6CBC2FC0B2943A /* Pods-project.release.xcconfig */,
			);
			name = Pods;
			sourceTree = "<group>";
		};
/* End PBXGroup section */

/* Begin PBXNativeTarget section */
		571B67AB20C42A7500857F5F /* project */ = {
			isa = PBXNativeTarget;
			buildConfigurationList = 571B67DB20C42A7700857F5F /* Build configuration list for PBXNativeTarget "project" */;
			buildPhases = (
				65D663A92809B0D80E2D625E /* [CP] Check Pods Manifest.lock */,
				571B67A820C42A7500857F5F /* Sources */,
				571B67A920C42A7500857F5F /* Frameworks */,
				571B67AA20C42A7500857F5F /* Resources */,
				4E308BD5374DBE99576BB620 /* [CP] Copy Pods Resources */,
			);
			buildRules = (
			);
			dependencies = (
			);
			name = project;
			productName = project;
			productReference = 571B67AC20C42A7500857F5F /* project.app */;
			productType = "com.apple.product-type.application";
		};
		571B67C620C42A7700857F5F /* projectTests */ = {
			isa = PBXNativeTarget;
			buildConfigurationList = 571B67DE20C42A7700857F5F /* Build configuration list for PBXNativeTarget "projectTests" */;
			buildPhases = (
				571B67C320C42A7700857F5F /* Sources */,
				571B67C420C42A7700857F5F /* Frameworks */,
				571B67C520C42A7700857F5F /* Resources */,
			);
			buildRules = (
			);
			dependencies = (
				571B67C920C42A7700857F5F /* PBXTargetDependency */,
			);
			name = projectTests;
			productName = projectTests;
			productReference = 571B67C720C42A7700857F5F /* projectTests.xctest */;
			productType = "com.apple.product-type.bundle.unit-test";
		};
		571B67D120C42A7700857F5F /* projectUITests */ = {
			isa = PBXNativeTarget;
			buildConfigurationList = 571B67E120C42A7700857F5F /* Build configuration list for PBXNativeTarget "projectUITests" */;
			buildPhases = (
				571B67CE20C42A7700857F5F /* Sources */,
				571B67CF20C42A7700857F5F /* Frameworks */,
				571B67D020C42A7700857F5F /* Resources */,
			);
			buildRules = (
			);
			dependencies = (
				571B67D420C42A7700857F5F /* PBXTargetDependency */,
			);
			name = projectUITests;
			productName = projectUITests;
			productReference = 571B67D220C42A7700857F5F /* projectUITests.xctest */;
			productType = "com.apple.product-type.bundle.ui-testing";
		};
/* End PBXNativeTarget section */

/* Begin PBXProject section */
		571B67A420C42A7500857F5F /* Project object */ = {
			isa = PBXProject;
			attributes = {
				LastUpgradeCheck = 0940;
				ORGANIZATIONNAME = Bad;
				TargetAttributes = {
					571B67AB20C42A7500857F5F = {
						CreatedOnToolsVersion = 9.4;
					};
					571B67C620C42A7700857F5F = {
						CreatedOnToolsVersion = 9.4;
						TestTargetID = 571B67AB20C42A7500857F5F;
					};
					571B67D120C42A7700857F5F = {
						CreatedOnToolsVersion = 9.4;
						TestTargetID = 571B67AB20C42A7500857F5F;
					};
				};
			};
			buildConfigurationList = 571B67A720C42A7500857F5F /* Build configuration list for PBXProject "project" */;
			compatibilityVersion = "Xcode 9.3";
			developmentRegion = en;
			hasScannedForEncodings = 0;
			knownRegions = (
				en,
				Base,
			);
			mainGroup = 571B67A320C42A7500857F5F;
			productRefGroup = 571B67AD20C42A7500857F5F /* Products */;
			projectDirPath = "";
			projectRoot = "";
			targets = (
				571B67AB20C42A7500857F5F /* project */,
				571B67C620C42A7700857F5F /* projectTests */,
				571B67D120C42A7700857F5F /* projectUITests */,
			);
		};
/* End PBXProject section */

/* Begin PBXResourcesBuildPhase section */
		571B67AA20C42A7500857F5F /* Resources */ = {
			isa = PBXResourcesBuildPhase;
			buildActionMask = 2147483647;
			files = (
				571B67BF20C42A7700857F5F /* LaunchScreen.storyboard in Resources */,
				571B67BC20C42A7700857F5F /* Assets.xcassets in Resources */,
				571B67B720C42A7500857F5F /* Main.storyboard in Resources */,
			);
			runOnlyForDeploymentPostprocessing = 0;
		};
		571B67C520C42A7700857F5F /* Resources */ = {
			isa = PBXResourcesBuildPhase;
			buildActionMask = 2147483647;
			files = (
			);
			runOnlyForDeploymentPostprocessing = 0;
		};
		571B67D020C42A7700857F5F /* Resources */ = {
			isa = PBXResourcesBuildPhase;
			buildActionMask = 2147483647;
			files = (
			);
			runOnlyForDeploymentPostprocessing = 0;
		};
/* End PBXResourcesBuildPhase section */

/* Begin PBXShellScriptBuildPhase section */
		4E308BD5374DBE99576BB620 /* [CP] Copy Pods Resources */ = {
			isa = PBXShellScriptBuildPhase;
			buildActionMask = 2147483647;
			files = (
			);
			inputPaths = (
				"${SRCROOT}/Pods/Target Support Files/Pods-project/Pods-project-resources.sh",
				"${PODS_CONFIGURATION_BUILD_DIR}/CTAssetsPickerController/CTAssetsPickerController.bundle",
				"${PODS_ROOT}/LBPhotoBrowser/test/LBPhotoBrowser/LBPhotoBrowser.bundle",
				"${PODS_ROOT}/MJRefresh/MJRefresh/MJRefresh.bundle",
				"${PODS_ROOT}/SVProgressHUD/SVProgressHUD/SVProgressHUD.bundle",
			);
			name = "[CP] Copy Pods Resources";
			outputPaths = (
				"${TARGET_BUILD_DIR}/${UNLOCALIZED_RESOURCES_FOLDER_PATH}/CTAssetsPickerController.bundle",
				"${TARGET_BUILD_DIR}/${UNLOCALIZED_RESOURCES_FOLDER_PATH}/LBPhotoBrowser.bundle",
				"${TARGET_BUILD_DIR}/${UNLOCALIZED_RESOURCES_FOLDER_PATH}/MJRefresh.bundle",
				"${TARGET_BUILD_DIR}/${UNLOCALIZED_RESOURCES_FOLDER_PATH}/SVProgressHUD.bundle",
			);
			runOnlyForDeploymentPostprocessing = 0;
			shellPath = /bin/sh;
			shellScript = "\"${SRCROOT}/Pods/Target Support Files/Pods-project/Pods-project-resources.sh\"\n";
			showEnvVarsInLog = 0;
		};
		65D663A92809B0D80E2D625E /* [CP] Check Pods Manifest.lock */ = {
			isa = PBXShellScriptBuildPhase;
			buildActionMask = 2147483647;
			files = (
			);
			inputPaths = (
				"${PODS_PODFILE_DIR_PATH}/Podfile.lock",
				"${PODS_ROOT}/Manifest.lock",
			);
			name = "[CP] Check Pods Manifest.lock";
			outputPaths = (
				"$(DERIVED_FILE_DIR)/Pods-project-checkManifestLockResult.txt",
			);
			runOnlyForDeploymentPostprocessing = 0;
			shellPath = /bin/sh;
			shellScript = "diff \"${PODS_PODFILE_DIR_PATH}/Podfile.lock\" \"${PODS_ROOT}/Manifest.lock\" > /dev/null\nif [ $? != 0 ] ; then\n    # print error to STDERR\n    echo \"error: The sandbox is not in sync with the Podfile.lock. Run 'pod install' or update your CocoaPods installation.\" >&2\n    exit 1\nfi\n# This output is used by Xcode 'outputs' to avoid re-running this script phase.\necho \"SUCCESS\" > \"${SCRIPT_OUTPUT_FILE_0}\"\n";
			showEnvVarsInLog = 0;
		};
/* End PBXShellScriptBuildPhase section */

/* Begin PBXSourcesBuildPhase section */
		571B67A820C42A7500857F5F /* Sources */ = {
			isa = PBXSourcesBuildPhase;
			buildActionMask = 2147483647;
			files = (
				5702EB452173498A00104820 /* UIImage+Watermark.m in Sources */,
				571B67B420C42A7500857F5F /* ViewController.m in Sources */,
				57658DC2216F959F002D7CBA /* pieView.m in Sources */,
				5702EB3E217307BC00104820 /* DrawView.m in Sources */,
				571B67BA20C42A7500857F5F /* project.xcdatamodeld in Sources */,
				5702EB4F2174BCA500104820 /* MyOneViewController.m in Sources */,
				5729895F216DD673001D2A55 /* PhotoModel.m in Sources */,
				57E6D189213ED63A00BD3096 /* dataStorageViewController.m in Sources */,
				5702EB3B2171B6CB00104820 /* MyImgeView.m in Sources */,
				5702EB4121733BBB00104820 /* NSString+Extension.m in Sources */,
				57298962216DD673001D2A55 /* PhotoCollectionViewCell.m in Sources */,
				57641E66215A6D7C00B034E1 /* SPUncaughtExceptionHandler.m in Sources */,
				57E6D186213ECF3800BD3096 /* Person.m in Sources */,
				578B047A2158EC4B00747FF8 /* DragandDropViewController.m in Sources */,
				5702EB362171AE9200104820 /* TwoView.m in Sources */,
				5702EB332171A78A00104820 /* UIKitDrawingViewController.m in Sources */,
				5788D1DB216CD2B0002D38A1 /* QuartzViewController.m in Sources */,
				57298960216DD673001D2A55 /* PhotoSingle.m in Sources */,
				57298965216DD739001D2A55 /* UIView+NTES.m in Sources */,
				5788D1DE216CE033002D38A1 /* OneView.m in Sources */,
				571B67C220C42A7700857F5F /* main.m in Sources */,
				57298953216DD53A001D2A55 /* PhotoViewController.m in Sources */,
				57298961216DD673001D2A55 /* PhotoSelectorView.m in Sources */,
				5719BAE22147FF870065111C /* OneViewController.m in Sources */,
				57298968216DDCF7001D2A55 /* GetPhotoViewController.m in Sources */,
				571B67B120C42A7500857F5F /* AppDelegate.m in Sources */,
				578B047D2158F18800747FF8 /* RedView.m in Sources */,
				5719BAE52147FF930065111C /* TwoViewController.m in Sources */,
				57641E67215A6D7C00B034E1 /* HRRequestTools.m in Sources */,
			);
			runOnlyForDeploymentPostprocessing = 0;
		};
		571B67C320C42A7700857F5F /* Sources */ = {
			isa = PBXSourcesBuildPhase;
			buildActionMask = 2147483647;
			files = (
				571B67CC20C42A7700857F5F /* projectTests.m in Sources */,
			);
			runOnlyForDeploymentPostprocessing = 0;
		};
		571B67CE20C42A7700857F5F /* Sources */ = {
			isa = PBXSourcesBuildPhase;
			buildActionMask = 2147483647;
			files = (
				571B67D720C42A7700857F5F /* projectUITests.m in Sources */,
			);
			runOnlyForDeploymentPostprocessing = 0;
		};
/* End PBXSourcesBuildPhase section */

/* Begin PBXTargetDependency section */
		571B67C920C42A7700857F5F /* PBXTargetDependency */ = {
			isa = PBXTargetDependency;
			target = 571B67AB20C42A7500857F5F /* project */;
			targetProxy = 571B67C820C42A7700857F5F /* PBXContainerItemProxy */;
		};
		571B67D420C42A7700857F5F /* PBXTargetDependency */ = {
			isa = PBXTargetDependency;
			target = 571B67AB20C42A7500857F5F /* project */;
			targetProxy = 571B67D320C42A7700857F5F /* PBXContainerItemProxy */;
		};
/* End PBXTargetDependency section */

/* Begin PBXVariantGroup section */
		571B67B520C42A7500857F5F /* Main.storyboard */ = {
			isa = PBXVariantGroup;
			children = (
				571B67B620C42A7500857F5F /* Base */,
			);
			name = Main.storyboard;
			sourceTree = "<group>";
		};
		571B67BD20C42A7700857F5F /* LaunchScreen.storyboard */ = {
			isa = PBXVariantGroup;
			children = (
				571B67BE20C42A7700857F5F /* Base */,
			);
			name = LaunchScreen.storyboard;
			sourceTree = "<group>";
		};
/* End PBXVariantGroup section */

/* Begin XCBuildConfiguration section */
		571B67D920C42A7700857F5F /* Debug */ = {
			isa = XCBuildConfiguration;
			buildSettings = {
				ALWAYS_SEARCH_USER_PATHS = NO;
				CLANG_ANALYZER_NONNULL = YES;
				CLANG_ANALYZER_NUMBER_OBJECT_CONVERSION = YES_AGGRESSIVE;
				CLANG_CXX_LANGUAGE_STANDARD = "gnu++14";
				CLANG_CXX_LIBRARY = "libc++";
				CLANG_ENABLE_MODULES = YES;
				CLANG_ENABLE_OBJC_ARC = YES;
				CLANG_ENABLE_OBJC_WEAK = YES;
				CLANG_WARN_BLOCK_CAPTURE_AUTORELEASING = YES;
				CLANG_WARN_BOOL_CONVERSION = YES;
				CLANG_WARN_COMMA = YES;
				CLANG_WARN_CONSTANT_CONVERSION = YES;
				CLANG_WARN_DEPRECATED_OBJC_IMPLEMENTATIONS = YES;
				CLANG_WARN_DIRECT_OBJC_ISA_USAGE = YES_ERROR;
				CLANG_WARN_DOCUMENTATION_COMMENTS = YES;
				CLANG_WARN_EMPTY_BODY = YES;
				CLANG_WARN_ENUM_CONVERSION = YES;
				CLANG_WARN_INFINITE_RECURSION = YES;
				CLANG_WARN_INT_CONVERSION = YES;
				CLANG_WARN_NON_LITERAL_NULL_CONVERSION = YES;
				CLANG_WARN_OBJC_IMPLICIT_RETAIN_SELF = YES;
				CLANG_WARN_OBJC_LITERAL_CONVERSION = YES;
				CLANG_WARN_OBJC_ROOT_CLASS = YES_ERROR;
				CLANG_WARN_RANGE_LOOP_ANALYSIS = YES;
				CLANG_WARN_STRICT_PROTOTYPES = YES;
				CLANG_WARN_SUSPICIOUS_MOVE = YES;
				CLANG_WARN_UNGUARDED_AVAILABILITY = YES_AGGRESSIVE;
				CLANG_WARN_UNREACHABLE_CODE = YES;
				CLANG_WARN__DUPLICATE_METHOD_MATCH = YES;
				CODE_SIGN_IDENTITY = "iPhone Developer";
				COPY_PHASE_STRIP = NO;
				DEBUG_INFORMATION_FORMAT = dwarf;
				ENABLE_STRICT_OBJC_MSGSEND = YES;
				ENABLE_TESTABILITY = YES;
				GCC_C_LANGUAGE_STANDARD = gnu11;
				GCC_DYNAMIC_NO_PIC = NO;
				GCC_NO_COMMON_BLOCKS = YES;
				GCC_OPTIMIZATION_LEVEL = 0;
				GCC_PREPROCESSOR_DEFINITIONS = (
					"DEBUG=1",
					"$(inherited)",
				);
				GCC_WARN_64_TO_32_BIT_CONVERSION = YES;
				GCC_WARN_ABOUT_RETURN_TYPE = YES_ERROR;
				GCC_WARN_UNDECLARED_SELECTOR = YES;
				GCC_WARN_UNINITIALIZED_AUTOS = YES_AGGRESSIVE;
				GCC_WARN_UNUSED_FUNCTION = YES;
				GCC_WARN_UNUSED_VARIABLE = YES;
				IPHONEOS_DEPLOYMENT_TARGET = 11.4;
				MTL_ENABLE_DEBUG_INFO = YES;
				ONLY_ACTIVE_ARCH = YES;
				SDKROOT = iphoneos;
			};
			name = Debug;
		};
		571B67DA20C42A7700857F5F /* Release */ = {
			isa = XCBuildConfiguration;
			buildSettings = {
				ALWAYS_SEARCH_USER_PATHS = NO;
				CLANG_ANALYZER_NONNULL = YES;
				CLANG_ANALYZER_NUMBER_OBJECT_CONVERSION = YES_AGGRESSIVE;
				CLANG_CXX_LANGUAGE_STANDARD = "gnu++14";
				CLANG_CXX_LIBRARY = "libc++";
				CLANG_ENABLE_MODULES = YES;
				CLANG_ENABLE_OBJC_ARC = YES;
				CLANG_ENABLE_OBJC_WEAK = YES;
				CLANG_WARN_BLOCK_CAPTURE_AUTORELEASING = YES;
				CLANG_WARN_BOOL_CONVERSION = YES;
				CLANG_WARN_COMMA = YES;
				CLANG_WARN_CONSTANT_CONVERSION = YES;
				CLANG_WARN_DEPRECATED_OBJC_IMPLEMENTATIONS = YES;
				CLANG_WARN_DIRECT_OBJC_ISA_USAGE = YES_ERROR;
				CLANG_WARN_DOCUMENTATION_COMMENTS = YES;
				CLANG_WARN_EMPTY_BODY = YES;
				CLANG_WARN_ENUM_CONVERSION = YES;
				CLANG_WARN_INFINITE_RECURSION = YES;
				CLANG_WARN_INT_CONVERSION = YES;
				CLANG_WARN_NON_LITERAL_NULL_CONVERSION = YES;
				CLANG_WARN_OBJC_IMPLICIT_RETAIN_SELF = YES;
				CLANG_WARN_OBJC_LITERAL_CONVERSION = YES;
				CLANG_WARN_OBJC_ROOT_CLASS = YES_ERROR;
				CLANG_WARN_RANGE_LOOP_ANALYSIS = YES;
				CLANG_WARN_STRICT_PROTOTYPES = YES;
				CLANG_WARN_SUSPICIOUS_MOVE = YES;
				CLANG_WARN_UNGUARDED_AVAILABILITY = YES_AGGRESSIVE;
				CLANG_WARN_UNREACHABLE_CODE = YES;
				CLANG_WARN__DUPLICATE_METHOD_MATCH = YES;
				CODE_SIGN_IDENTITY = "iPhone Developer";
				COPY_PHASE_STRIP = NO;
				DEBUG_INFORMATION_FORMAT = "dwarf-with-dsym";
				ENABLE_NS_ASSERTIONS = NO;
				ENABLE_STRICT_OBJC_MSGSEND = YES;
				GCC_C_LANGUAGE_STANDARD = gnu11;
				GCC_NO_COMMON_BLOCKS = YES;
				GCC_WARN_64_TO_32_BIT_CONVERSION = YES;
				GCC_WARN_ABOUT_RETURN_TYPE = YES_ERROR;
				GCC_WARN_UNDECLARED_SELECTOR = YES;
				GCC_WARN_UNINITIALIZED_AUTOS = YES_AGGRESSIVE;
				GCC_WARN_UNUSED_FUNCTION = YES;
				GCC_WARN_UNUSED_VARIABLE = YES;
				IPHONEOS_DEPLOYMENT_TARGET = 11.4;
				MTL_ENABLE_DEBUG_INFO = NO;
				SDKROOT = iphoneos;
				VALIDATE_PRODUCT = YES;
			};
			name = Release;
		};
		571B67DC20C42A7700857F5F /* Debug */ = {
			isa = XCBuildConfiguration;
			baseConfigurationReference = F3E542F161AF9EA76EDF8E84 /* Pods-project.debug.xcconfig */;
			buildSettings = {
				ASSETCATALOG_COMPILER_APPICON_NAME = AppIcon;
				CODE_SIGN_STYLE = Automatic;
				DEVELOPMENT_TEAM = BA44B289S8;
				GCC_PRECOMPILE_PREFIX_HEADER = YES;
				GCC_PREFIX_HEADER = "$(SRCROOT)/project/project.pch";
				INFOPLIST_FILE = project/Info.plist;
				IPHONEOS_DEPLOYMENT_TARGET = 11.0;
				LD_RUNPATH_SEARCH_PATHS = (
					"$(inherited)",
					"@executable_path/Frameworks",
				);
				PRODUCT_BUNDLE_IDENTIFIER = Mr.GBLW.project;
				PRODUCT_NAME = "$(TARGET_NAME)";
				TARGETED_DEVICE_FAMILY = "1,2";
			};
			name = Debug;
		};
		571B67DD20C42A7700857F5F /* Release */ = {
			isa = XCBuildConfiguration;
			baseConfigurationReference = 57C95C4AEA6CBC2FC0B2943A /* Pods-project.release.xcconfig */;
			buildSettings = {
				ASSETCATALOG_COMPILER_APPICON_NAME = AppIcon;
				CODE_SIGN_STYLE = Automatic;
				DEVELOPMENT_TEAM = BA44B289S8;
				GCC_PRECOMPILE_PREFIX_HEADER = YES;
				GCC_PREFIX_HEADER = "$(SRCROOT)/project/project.pch";
				INFOPLIST_FILE = project/Info.plist;
				IPHONEOS_DEPLOYMENT_TARGET = 11.0;
				LD_RUNPATH_SEARCH_PATHS = (
					"$(inherited)",
					"@executable_path/Frameworks",
				);
				PRODUCT_BUNDLE_IDENTIFIER = Mr.GBLW.project;
				PRODUCT_NAME = "$(TARGET_NAME)";
				TARGETED_DEVICE_FAMILY = "1,2";
			};
			name = Release;
		};
		571B67DF20C42A7700857F5F /* Debug */ = {
			isa = XCBuildConfiguration;
			buildSettings = {
				BUNDLE_LOADER = "$(TEST_HOST)";
				CODE_SIGN_STYLE = Automatic;
				INFOPLIST_FILE = projectTests/Info.plist;
				LD_RUNPATH_SEARCH_PATHS = (
					"$(inherited)",
					"@executable_path/Frameworks",
					"@loader_path/Frameworks",
				);
				PRODUCT_BUNDLE_IDENTIFIER = Mr.GBLW.projectTests;
				PRODUCT_NAME = "$(TARGET_NAME)";
				TARGETED_DEVICE_FAMILY = "1,2";
				TEST_HOST = "$(BUILT_PRODUCTS_DIR)/project.app/project";
			};
			name = Debug;
		};
		571B67E020C42A7700857F5F /* Release */ = {
			isa = XCBuildConfiguration;
			buildSettings = {
				BUNDLE_LOADER = "$(TEST_HOST)";
				CODE_SIGN_STYLE = Automatic;
				INFOPLIST_FILE = projectTests/Info.plist;
				LD_RUNPATH_SEARCH_PATHS = (
					"$(inherited)",
					"@executable_path/Frameworks",
					"@loader_path/Frameworks",
				);
				PRODUCT_BUNDLE_IDENTIFIER = Mr.GBLW.projectTests;
				PRODUCT_NAME = "$(TARGET_NAME)";
				TARGETED_DEVICE_FAMILY = "1,2";
				TEST_HOST = "$(BUILT_PRODUCTS_DIR)/project.app/project";
			};
			name = Release;
		};
		571B67E220C42A7700857F5F /* Debug */ = {
			isa = XCBuildConfiguration;
			buildSettings = {
				CODE_SIGN_STYLE = Automatic;
				INFOPLIST_FILE = projectUITests/Info.plist;
				LD_RUNPATH_SEARCH_PATHS = (
					"$(inherited)",
					"@executable_path/Frameworks",
					"@loader_path/Frameworks",
				);
				PRODUCT_BUNDLE_IDENTIFIER = Mr.GBLW.projectUITests;
				PRODUCT_NAME = "$(TARGET_NAME)";
				TARGETED_DEVICE_FAMILY = "1,2";
				TEST_TARGET_NAME = project;
			};
			name = Debug;
		};
		571B67E320C42A7700857F5F /* Release */ = {
			isa = XCBuildConfiguration;
			buildSettings = {
				CODE_SIGN_STYLE = Automatic;
				INFOPLIST_FILE = projectUITests/Info.plist;
				LD_RUNPATH_SEARCH_PATHS = (
					"$(inherited)",
					"@executable_path/Frameworks",
					"@loader_path/Frameworks",
				);
				PRODUCT_BUNDLE_IDENTIFIER = Mr.GBLW.projectUITests;
				PRODUCT_NAME = "$(TARGET_NAME)";
				TARGETED_DEVICE_FAMILY = "1,2";
				TEST_TARGET_NAME = project;
			};
			name = Release;
		};
/* End XCBuildConfiguration section */

/* Begin XCConfigurationList section */
		571B67A720C42A7500857F5F /* Build configuration list for PBXProject "project" */ = {
			isa = XCConfigurationList;
			buildConfigurations = (
				571B67D920C42A7700857F5F /* Debug */,
				571B67DA20C42A7700857F5F /* Release */,
			);
			defaultConfigurationIsVisible = 0;
			defaultConfigurationName = Release;
		};
		571B67DB20C42A7700857F5F /* Build configuration list for PBXNativeTarget "project" */ = {
			isa = XCConfigurationList;
			buildConfigurations = (
				571B67DC20C42A7700857F5F /* Debug */,
				571B67DD20C42A7700857F5F /* Release */,
			);
			defaultConfigurationIsVisible = 0;
			defaultConfigurationName = Release;
		};
		571B67DE20C42A7700857F5F /* Build configuration list for PBXNativeTarget "projectTests" */ = {
			isa = XCConfigurationList;
			buildConfigurations = (
				571B67DF20C42A7700857F5F /* Debug */,
				571B67E020C42A7700857F5F /* Release */,
			);
			defaultConfigurationIsVisible = 0;
			defaultConfigurationName = Release;
		};
		571B67E120C42A7700857F5F /* Build configuration list for PBXNativeTarget "projectUITests" */ = {
			isa = XCConfigurationList;
			buildConfigurations = (
				571B67E220C42A7700857F5F /* Debug */,
				571B67E320C42A7700857F5F /* Release */,
			);
			defaultConfigurationIsVisible = 0;
			defaultConfigurationName = Release;
		};
/* End XCConfigurationList section */

/* Begin XCVersionGroup section */
		571B67B820C42A7500857F5F /* project.xcdatamodeld */ = {
			isa = XCVersionGroup;
			children = (
				571B67B920C42A7500857F5F /* project.xcdatamodel */,
			);
			currentVersion = 571B67B920C42A7500857F5F /* project.xcdatamodel */;
			path = project.xcdatamodeld;
			sourceTree = "<group>";
			versionGroupType = wrapper.xcdatamodel;
		};
/* End XCVersionGroup section */
	};
	rootObject = 571B67A420C42A7500857F5F /* Project object */;
}
